
Microsoft Visual Studio Solution File, Format Version 12.00
# Visual Studio Version 16
VisualStudioVersion = 25.0.1706.7
MinimumVisualStudioVersion = 10.0.40219.1
Project("{FAE04EC0-301F-11D3-BF4B-00C04F79EFBC}") = "CsvParser", "CsvParser\CsvParser.csproj", "{4EAEA6FD-A3EC-400D-ABF0-6839CB9C46EA}"
EndProject
Project("{FAE04EC0-301F-11D3-BF4B-00C04F79EFBC}") = "CsvParser.Tests", "CsvParser.Tests\CsvParser.Tests.csproj", "{62F6D3A6-8A8D-4D4D-AC2C-AB9E5C9DA820}"
EndProject
Project("{FAE04EC0-301F-11D3-BF4B-00C04F79EFBC}") = "CsvParser.Debugs", "CsvParser.Debugs\CsvParser.Debugs.csproj", "{E63E8A24-E732-47F8-8E35-5CD8216F38CB}"
EndProject
Global
	GlobalSection(SolutionConfigurationPlatforms) = preSolution
		Debug|Any CPU = Debug|Any CPU
		Release|Any CPU = Release|Any CPU
	EndGlobalSection
	GlobalSection(ProjectConfigurationPlatforms) = postSolution
		{4EAEA6FD-A3EC-400D-ABF0-6839CB9C46EA}.Debug|Any CPU.ActiveCfg = Debug|Any CPU
		{4EAEA6FD-A3EC-400D-ABF0-6839CB9C46EA}.Debug|Any CPU.Build.0 = Debug|Any CPU
		{4EAEA6FD-A3EC-400D-ABF0-6839CB9C46EA}.Release|Any CPU.ActiveCfg = Release|Any CPU
		{4EAEA6FD-A3EC-400D-ABF0-6839CB9C46EA}.Release|Any CPU.Build.0 = Release|Any CPU
		{62F6D3A6-8A8D-4D4D-AC2C-AB9E5C9DA820}.Debug|Any CPU.ActiveCfg = Debug|Any CPU
		{62F6D3A6-8A8D-4D4D-AC2C-AB9E5C9DA820}.Debug|Any CPU.Build.0 = Debug|Any CPU
		{62F6D3A6-8A8D-4D4D-AC2C-AB9E5C9DA820}.Release|Any CPU.ActiveCfg = Release|Any CPU
		{62F6D3A6-8A8D-4D4D-AC2C-AB9E5C9DA820}.Release|Any CPU.Build.0 = Release|Any CPU
		{E63E8A24-E732-47F8-8E35-5CD8216F38CB}.Debug|Any CPU.ActiveCfg = Debug|Any CPU
		{E63E8A24-E732-47F8-8E35-5CD8216F38CB}.Debug|Any CPU.Build.0 = Debug|Any CPU
		{E63E8A24-E732-47F8-8E35-5CD8216F38CB}.Release|Any CPU.ActiveCfg = Release|Any CPU
		{E63E8A24-E732-47F8-8E35-5CD8216F38CB}.Release|Any CPU.Build.0 = Release|Any CPU
	EndGlobalSection
	GlobalSection(SolutionProperties) = preSolution
		HideSolutionNode = FALSE
	EndGlobalSection
	GlobalSection(ExtensibilityGlobals) = postSolution
		SolutionGuid = {E6F1A293-2A6D-4736-A2C2-22FEAB7C340B}
	EndGlobalSection
EndGlobal
